
Microsoft Visual Studio Solution File, Format Version 12.00
# Visual Studio Version 17
VisualStudioVersion = 17.0.31903.59
MinimumVisualStudioVersion = 10.0.40219.1
Project("{2150E333-8FDC-42A3-9474-1A3956D46DE8}") = "src", "src", "{827E0CD3-B72D-47B6-A68D-7590B98EB39B}"
EndProject
Project("{FAE04EC0-301F-11D3-BF4B-00C04F79EFBC}") = "BuilderERP.Domain", "src\BuilderERP.Domain\BuilderERP.Domain.csproj", "{EF65739F-2DC8-450F-B7B5-796A4AABCFF3}"
EndProject
Project("{FAE04EC0-301F-11D3-BF4B-00C04F79EFBC}") = "BuilderERP.Application", "src\BuilderERP.Application\BuilderERP.Application.csproj", "{2005E525-0624-45BD-A9EA-20ABC9C21ADF}"
EndProject
Project("{FAE04EC0-301F-11D3-BF4B-00C04F79EFBC}") = "BuilderERP.Infrastructure", "src\BuilderERP.Infrastructure\BuilderERP.Infrastructure.csproj", "{FCE78CB1-0A6D-4185-BA65-3E0862262586}"
EndProject
Project("{FAE04EC0-301F-11D3-BF4B-00C04F79EFBC}") = "BuilderERP.Shared", "src\BuilderERP.Shared\BuilderERP.Shared.csproj", "{DC10353E-2D2D-4E35-A664-00C6DA04951D}"
EndProject
Project("{FAE04EC0-301F-11D3-BF4B-00C04F79EFBC}") = "BuilderERP.Web", "src\BuilderERP.Web\BuilderERP.Web.csproj", "{264B968B-8DEF-4DA7-9CF9-20775B012639}"
EndProject
Project("{FAE04EC0-301F-11D3-BF4B-00C04F79EFBC}") = "BuilderERP.UnitTests", "tests\BuilderERP.UnitTests\BuilderERP.UnitTests.csproj", "{33C59EE2-71A0-4263-B9E1-7DD1E1B769DF}"
EndProject
Project("{FAE04EC0-301F-11D3-BF4B-00C04F79EFBC}") = "BuilderERP.IntegrationTests", "tests\BuilderERP.IntegrationTests\BuilderERP.IntegrationTests.csproj", "{1653E99C-E956-463C-8396-752646C3489A}"
EndProject
Global
	GlobalSection(SolutionConfigurationPlatforms) = preSolution
		Debug|Any CPU = Debug|Any CPU
		Debug|x64 = Debug|x64
		Debug|x86 = Debug|x86
		Release|Any CPU = Release|Any CPU
		Release|x64 = Release|x64
		Release|x86 = Release|x86
	EndGlobalSection
	GlobalSection(ProjectConfigurationPlatforms) = postSolution
		{EF65739F-2DC8-450F-B7B5-796A4AABCFF3}.Debug|Any CPU.ActiveCfg = Debug|Any CPU
		{EF65739F-2DC8-450F-B7B5-796A4AABCFF3}.Debug|Any CPU.Build.0 = Debug|Any CPU
		{EF65739F-2DC8-450F-B7B5-796A4AABCFF3}.Debug|x64.ActiveCfg = Debug|Any CPU
		{EF65739F-2DC8-450F-B7B5-796A4AABCFF3}.Debug|x64.Build.0 = Debug|Any CPU
		{EF65739F-2DC8-450F-B7B5-796A4AABCFF3}.Debug|x86.ActiveCfg = Debug|Any CPU
		{EF65739F-2DC8-450F-B7B5-796A4AABCFF3}.Debug|x86.Build.0 = Debug|Any CPU
		{EF65739F-2DC8-450F-B7B5-796A4AABCFF3}.Release|Any CPU.ActiveCfg = Release|Any CPU
		{EF65739F-2DC8-450F-B7B5-796A4AABCFF3}.Release|Any CPU.Build.0 = Release|Any CPU
		{EF65739F-2DC8-450F-B7B5-796A4AABCFF3}.Release|x64.ActiveCfg = Release|Any CPU
		{EF65739F-2DC8-450F-B7B5-796A4AABCFF3}.Release|x64.Build.0 = Release|Any CPU
		{EF65739F-2DC8-450F-B7B5-796A4AABCFF3}.Release|x86.ActiveCfg = Release|Any CPU
		{EF65739F-2DC8-450F-B7B5-796A4AABCFF3}.Release|x86.Build.0 = Release|Any CPU
		{2005E525-0624-45BD-A9EA-20ABC9C21ADF}.Debug|Any CPU.ActiveCfg = Debug|Any CPU
		{2005E525-0624-45BD-A9EA-20ABC9C21ADF}.Debug|Any CPU.Build.0 = Debug|Any CPU
		{2005E525-0624-45BD-A9EA-20ABC9C21ADF}.Debug|x64.ActiveCfg = Debug|Any CPU
		{2005E525-0624-45BD-A9EA-20ABC9C21ADF}.Debug|x64.Build.0 = Debug|Any CPU
		{2005E525-0624-45BD-A9EA-20ABC9C21ADF}.Debug|x86.ActiveCfg = Debug|Any CPU
		{2005E525-0624-45BD-A9EA-20ABC9C21ADF}.Debug|x86.Build.0 = Debug|Any CPU
		{2005E525-0624-45BD-A9EA-20ABC9C21ADF}.Release|Any CPU.ActiveCfg = Release|Any CPU
		{2005E525-0624-45BD-A9EA-20ABC9C21ADF}.Release|Any CPU.Build.0 = Release|Any CPU
		{2005E525-0624-45BD-A9EA-20ABC9C21ADF}.Release|x64.ActiveCfg = Release|Any CPU
		{2005E525-0624-45BD-A9EA-20ABC9C21ADF}.Release|x64.Build.0 = Release|Any CPU
		{2005E525-0624-45BD-A9EA-20ABC9C21ADF}.Release|x86.ActiveCfg = Release|Any CPU
		{2005E525-0624-45BD-A9EA-20ABC9C21ADF}.Release|x86.Build.0 = Release|Any CPU
		{FCE78CB1-0A6D-4185-BA65-3E0862262586}.Debug|Any CPU.ActiveCfg = Debug|Any CPU
		{FCE78CB1-0A6D-4185-BA65-3E0862262586}.Debug|Any CPU.Build.0 = Debug|Any CPU
		{FCE78CB1-0A6D-4185-BA65-3E0862262586}.Debug|x64.ActiveCfg = Debug|Any CPU
		{FCE78CB1-0A6D-4185-BA65-3E0862262586}.Debug|x64.Build.0 = Debug|Any CPU
		{FCE78CB1-0A6D-4185-BA65-3E0862262586}.Debug|x86.ActiveCfg = Debug|Any CPU
		{FCE78CB1-0A6D-4185-BA65-3E0862262586}.Debug|x86.Build.0 = Debug|Any CPU
		{FCE78CB1-0A6D-4185-BA65-3E0862262586}.Release|Any CPU.ActiveCfg = Release|Any CPU
		{FCE78CB1-0A6D-4185-BA65-3E0862262586}.Release|Any CPU.Build.0 = Release|Any CPU
		{FCE78CB1-0A6D-4185-BA65-3E0862262586}.Release|x64.ActiveCfg = Release|Any CPU
		{FCE78CB1-0A6D-4185-BA65-3E0862262586}.Release|x64.Build.0 = Release|Any CPU
		{FCE78CB1-0A6D-4185-BA65-3E0862262586}.Release|x86.ActiveCfg = Release|Any CPU
		{FCE78CB1-0A6D-4185-BA65-3E0862262586}.Release|x86.Build.0 = Release|Any CPU
		{DC10353E-2D2D-4E35-A664-00C6DA04951D}.Debug|Any CPU.ActiveCfg = Debug|Any CPU
		{DC10353E-2D2D-4E35-A664-00C6DA04951D}.Debug|Any CPU.Build.0 = Debug|Any CPU
		{DC10353E-2D2D-4E35-A664-00C6DA04951D}.Debug|x64.ActiveCfg = Debug|Any CPU
		{DC10353E-2D2D-4E35-A664-00C6DA04951D}.Debug|x64.Build.0 = Debug|Any CPU
		{DC10353E-2D2D-4E35-A664-00C6DA04951D}.Debug|x86.ActiveCfg = Debug|Any CPU
		{DC10353E-2D2D-4E35-A664-00C6DA04951D}.Debug|x86.Build.0 = Debug|Any CPU
		{DC10353E-2D2D-4E35-A664-00C6DA04951D}.Release|Any CPU.ActiveCfg = Release|Any CPU
		{DC10353E-2D2D-4E35-A664-00C6DA04951D}.Release|Any CPU.Build.0 = Release|Any CPU
		{DC10353E-2D2D-4E35-A664-00C6DA04951D}.Release|x64.ActiveCfg = Release|Any CPU
		{DC10353E-2D2D-4E35-A664-00C6DA04951D}.Release|x64.Build.0 = Release|Any CPU
		{DC10353E-2D2D-4E35-A664-00C6DA04951D}.Release|x86.ActiveCfg = Release|Any CPU
		{DC10353E-2D2D-4E35-A664-00C6DA04951D}.Release|x86.Build.0 = Release|Any CPU
		{264B968B-8DEF-4DA7-9CF9-20775B012639}.Debug|Any CPU.ActiveCfg = Debug|Any CPU
		{264B968B-8DEF-4DA7-9CF9-20775B012639}.Debug|Any CPU.Build.0 = Debug|Any CPU
		{264B968B-8DEF-4DA7-9CF9-20775B012639}.Debug|x64.ActiveCfg = Debug|Any CPU
		{264B968B-8DEF-4DA7-9CF9-20775B012639}.Debug|x64.Build.0 = Debug|Any CPU
		{264B968B-8DEF-4DA7-9CF9-20775B012639}.Debug|x86.ActiveCfg = Debug|Any CPU
		{264B968B-8DEF-4DA7-9CF9-20775B012639}.Debug|x86.Build.0 = Debug|Any CPU
		{264B968B-8DEF-4DA7-9CF9-20775B012639}.Release|Any CPU.ActiveCfg = Release|Any CPU
		{264B968B-8DEF-4DA7-9CF9-20775B012639}.Release|Any CPU.Build.0 = Release|Any CPU
		{264B968B-8DEF-4DA7-9CF9-20775B012639}.Release|x64.ActiveCfg = Release|Any CPU
		{264B968B-8DEF-4DA7-9CF9-20775B012639}.Release|x64.Build.0 = Release|Any CPU
		{264B968B-8DEF-4DA7-9CF9-20775B012639}.Release|x86.ActiveCfg = Release|Any CPU
		{264B968B-8DEF-4DA7-9CF9-20775B012639}.Release|x86.Build.0 = Release|Any CPU
		{33C59EE2-71A0-4263-B9E1-7DD1E1B769DF}.Debug|Any CPU.ActiveCfg = Debug|Any CPU
		{33C59EE2-71A0-4263-B9E1-7DD1E1B769DF}.Debug|Any CPU.Build.0 = Debug|Any CPU
		{33C59EE2-71A0-4263-B9E1-7DD1E1B769DF}.Debug|x64.ActiveCfg = Debug|Any CPU
		{33C59EE2-71A0-4263-B9E1-7DD1E1B769DF}.Debug|x64.Build.0 = Debug|Any CPU
		{33C59EE2-71A0-4263-B9E1-7DD1E1B769DF}.Debug|x86.ActiveCfg = Debug|Any CPU
		{33C59EE2-71A0-4263-B9E1-7DD1E1B769DF}.Debug|x86.Build.0 = Debug|Any CPU
		{33C59EE2-71A0-4263-B9E1-7DD1E1B769DF}.Release|Any CPU.ActiveCfg = Release|Any CPU
		{33C59EE2-71A0-4263-B9E1-7DD1E1B769DF}.Release|Any CPU.Build.0 = Release|Any CPU
		{33C59EE2-71A0-4263-B9E1-7DD1E1B769DF}.Release|x64.ActiveCfg = Release|Any CPU
		{33C59EE2-71A0-4263-B9E1-7DD1E1B769DF}.Release|x64.Build.0 = Release|Any CPU
		{33C59EE2-71A0-4263-B9E1-7DD1E1B769DF}.Release|x86.ActiveCfg = Release|Any CPU
		{33C59EE2-71A0-4263-B9E1-7DD1E1B769DF}.Release|x86.Build.0 = Release|Any CPU
		{1653E99C-E956-463C-8396-752646C3489A}.Debug|Any CPU.ActiveCfg = Debug|Any CPU
		{1653E99C-E956-463C-8396-752646C3489A}.Debug|Any CPU.Build.0 = Debug|Any CPU
		{1653E99C-E956-463C-8396-752646C3489A}.Debug|x64.ActiveCfg = Debug|Any CPU
		{1653E99C-E956-463C-8396-752646C3489A}.Debug|x64.Build.0 = Debug|Any CPU
		{1653E99C-E956-463C-8396-752646C3489A}.Debug|x86.ActiveCfg = Debug|Any CPU
		{1653E99C-E956-463C-8396-752646C3489A}.Debug|x86.Build.0 = Debug|Any CPU
		{1653E99C-E956-463C-8396-752646C3489A}.Release|Any CPU.ActiveCfg = Release|Any CPU
		{1653E99C-E956-463C-8396-752646C3489A}.Release|Any CPU.Build.0 = Release|Any CPU
		{1653E99C-E956-463C-8396-752646C3489A}.Release|x64.ActiveCfg = Release|Any CPU
		{1653E99C-E956-463C-8396-752646C3489A}.Release|x64.Build.0 = Release|Any CPU
		{1653E99C-E956-463C-8396-752646C3489A}.Release|x86.ActiveCfg = Release|Any CPU
		{1653E99C-E956-463C-8396-752646C3489A}.Release|x86.Build.0 = Release|Any CPU
	EndGlobalSection
	GlobalSection(SolutionProperties) = preSolution
		HideSolutionNode = FALSE
	EndGlobalSection
	GlobalSection(NestedProjects) = preSolution
		{EF65739F-2DC8-450F-B7B5-796A4AABCFF3} = {827E0CD3-B72D-47B6-A68D-7590B98EB39B}
		{2005E525-0624-45BD-A9EA-20ABC9C21ADF} = {827E0CD3-B72D-47B6-A68D-7590B98EB39B}
		{FCE78CB1-0A6D-4185-BA65-3E0862262586} = {827E0CD3-B72D-47B6-A68D-7590B98EB39B}
		{DC10353E-2D2D-4E35-A664-00C6DA04951D} = {827E0CD3-B72D-47B6-A68D-7590B98EB39B}
		{264B968B-8DEF-4DA7-9CF9-20775B012639} = {827E0CD3-B72D-47B6-A68D-7590B98EB39B}
		{33C59EE2-71A0-4263-B9E1-7DD1E1B769DF} = {827E0CD3-B72D-47B6-A68D-7590B98EB39B}
		{1653E99C-E956-463C-8396-752646C3489A} = {827E0CD3-B72D-47B6-A68D-7590B98EB39B}
	EndGlobalSection
EndGlobal
